// !$*UTF8*$!
{
	archiveVersion = 1;
	classes = {
	};
	objectVersion = 51;
	objects = {

/* Begin PBXBuildFile section */
		1233F5C627C925E100E90FCF /* ShelvesView.swift in Sources */ = {isa = PBXBuildFile; fileRef = 1233F5C527C925E100E90FCF /* ShelvesView.swift */; };
		1233F5C827C9285500E90FCF /* ShelfTableViewCell.swift in Sources */ = {isa = PBXBuildFile; fileRef = 1233F5C727C9285500E90FCF /* ShelfTableViewCell.swift */; };
		12C7788227D4CC9A005CCC88 /* Page.swift in Sources */ = {isa = PBXBuildFile; fileRef = 12C7788127D4CC9A005CCC88 /* Page.swift */; };
		12C7788427D4CD50005CCC88 /* PageViewController.swift in Sources */ = {isa = PBXBuildFile; fileRef = 12C7788327D4CD50005CCC88 /* PageViewController.swift */; };
		12C7788727D4CF7B005CCC88 /* ViewControllerRouter.swift in Sources */ = {isa = PBXBuildFile; fileRef = 12C7788627D4CF7B005CCC88 /* ViewControllerRouter.swift */; };
		12C7788A27D930D5005CCC88 /* Notebook.swift in Sources */ = {isa = PBXBuildFile; fileRef = 12C7788927D930D5005CCC88 /* Notebook.swift */; };
		12C7788C27D93185005CCC88 /* NotebookController.swift in Sources */ = {isa = PBXBuildFile; fileRef = 12C7788B27D93185005CCC88 /* NotebookController.swift */; };
		12F354F5275228310091057B /* AppDelegate.swift in Sources */ = {isa = PBXBuildFile; fileRef = 12F354F4275228310091057B /* AppDelegate.swift */; };
		12F354F7275228310091057B /* SceneDelegate.swift in Sources */ = {isa = PBXBuildFile; fileRef = 12F354F6275228310091057B /* SceneDelegate.swift */; };
		12F354F9275228310091057B /* ShelvesViewController.swift in Sources */ = {isa = PBXBuildFile; fileRef = 12F354F8275228310091057B /* ShelvesViewController.swift */; };
		12F354FE275228330091057B /* Assets.xcassets in Resources */ = {isa = PBXBuildFile; fileRef = 12F354FD275228330091057B /* Assets.xcassets */; };
		12F35501275228330091057B /* LaunchScreen.storyboard in Resources */ = {isa = PBXBuildFile; fileRef = 12F354FF275228330091057B /* LaunchScreen.storyboard */; };
		12F3550A275229D10091057B /* ShelfView.swift in Sources */ = {isa = PBXBuildFile; fileRef = 12F35509275229D10091057B /* ShelfView.swift */; };
		12F3550C27522E760091057B /* UIViewExtension.swift in Sources */ = {isa = PBXBuildFile; fileRef = 12F3550B27522E760091057B /* UIViewExtension.swift */; };
		12F3550E275236F00091057B /* NotebookCell.swift in Sources */ = {isa = PBXBuildFile; fileRef = 12F3550D275236F00091057B /* NotebookCell.swift */; };
		EC7E461CEFEE2596FED33D54 /* Pods_Shelves.framework in Frameworks */ = {isa = PBXBuildFile; fileRef = EEEBFF60B020D1C4592212AB /* Pods_Shelves.framework */; };
/* End PBXBuildFile section */

/* Begin PBXFileReference section */
		09970FED7D711108FCAE319A /* Pods-Shelves.release.xcconfig */ = {isa = PBXFileReference; includeInIndex = 1; lastKnownFileType = text.xcconfig; name = "Pods-Shelves.release.xcconfig"; path = "Target Support Files/Pods-Shelves/Pods-Shelves.release.xcconfig"; sourceTree = "<group>"; };
		1233F5C527C925E100E90FCF /* ShelvesView.swift */ = {isa = PBXFileReference; lastKnownFileType = sourcecode.swift; path = ShelvesView.swift; sourceTree = "<group>"; };
		1233F5C727C9285500E90FCF /* ShelfTableViewCell.swift */ = {isa = PBXFileReference; lastKnownFileType = sourcecode.swift; path = ShelfTableViewCell.swift; sourceTree = "<group>"; };
		12C7788127D4CC9A005CCC88 /* Page.swift */ = {isa = PBXFileReference; lastKnownFileType = sourcecode.swift; path = Page.swift; sourceTree = "<group>"; };
		12C7788327D4CD50005CCC88 /* PageViewController.swift */ = {isa = PBXFileReference; lastKnownFileType = sourcecode.swift; path = PageViewController.swift; sourceTree = "<group>"; };
		12C7788627D4CF7B005CCC88 /* ViewControllerRouter.swift */ = {isa = PBXFileReference; lastKnownFileType = sourcecode.swift; path = ViewControllerRouter.swift; sourceTree = "<group>"; };
		12C7788927D930D5005CCC88 /* Notebook.swift */ = {isa = PBXFileReference; lastKnownFileType = sourcecode.swift; path = Notebook.swift; sourceTree = "<group>"; };
		12C7788B27D93185005CCC88 /* NotebookController.swift */ = {isa = PBXFileReference; lastKnownFileType = sourcecode.swift; path = NotebookController.swift; sourceTree = "<group>"; };
		12F354F1275228310091057B /* Shelves.app */ = {isa = PBXFileReference; explicitFileType = wrapper.application; includeInIndex = 0; path = Shelves.app; sourceTree = BUILT_PRODUCTS_DIR; };
		12F354F4275228310091057B /* AppDelegate.swift */ = {isa = PBXFileReference; lastKnownFileType = sourcecode.swift; path = AppDelegate.swift; sourceTree = "<group>"; };
		12F354F6275228310091057B /* SceneDelegate.swift */ = {isa = PBXFileReference; lastKnownFileType = sourcecode.swift; path = SceneDelegate.swift; sourceTree = "<group>"; };
		12F354F8275228310091057B /* ShelvesViewController.swift */ = {isa = PBXFileReference; lastKnownFileType = sourcecode.swift; path = ShelvesViewController.swift; sourceTree = "<group>"; };
		12F354FD275228330091057B /* Assets.xcassets */ = {isa = PBXFileReference; lastKnownFileType = folder.assetcatalog; path = Assets.xcassets; sourceTree = "<group>"; };
		12F35500275228330091057B /* Base */ = {isa = PBXFileReference; lastKnownFileType = file.storyboard; name = Base; path = Base.lproj/LaunchScreen.storyboard; sourceTree = "<group>"; };
		12F35502275228330091057B /* Info.plist */ = {isa = PBXFileReference; lastKnownFileType = text.plist.xml; path = Info.plist; sourceTree = "<group>"; };
		12F35509275229D10091057B /* ShelfView.swift */ = {isa = PBXFileReference; lastKnownFileType = sourcecode.swift; path = ShelfView.swift; sourceTree = "<group>"; };
		12F3550B27522E760091057B /* UIViewExtension.swift */ = {isa = PBXFileReference; fileEncoding = 4; lastKnownFileType = sourcecode.swift; path = UIViewExtension.swift; sourceTree = "<group>"; };
		12F3550D275236F00091057B /* NotebookCell.swift */ = {isa = PBXFileReference; lastKnownFileType = sourcecode.swift; path = NotebookCell.swift; sourceTree = "<group>"; };
		40DC8D91C49B83E6C51DF024 /* Pods-Shelves.debug.xcconfig */ = {isa = PBXFileReference; includeInIndex = 1; lastKnownFileType = text.xcconfig; name = "Pods-Shelves.debug.xcconfig"; path = "Target Support Files/Pods-Shelves/Pods-Shelves.debug.xcconfig"; sourceTree = "<group>"; };
		EEEBFF60B020D1C4592212AB /* Pods_Shelves.framework */ = {isa = PBXFileReference; explicitFileType = wrapper.framework; includeInIndex = 0; path = Pods_Shelves.framework; sourceTree = BUILT_PRODUCTS_DIR; };
/* End PBXFileReference section */

/* Begin PBXFrameworksBuildPhase section */
		12F354EE275228310091057B /* Frameworks */ = {
			isa = PBXFrameworksBuildPhase;
			buildActionMask = 2147483647;
			files = (
				EC7E461CEFEE2596FED33D54 /* Pods_Shelves.framework in Frameworks */,
			);
			runOnlyForDeploymentPostprocessing = 0;
		};
/* End PBXFrameworksBuildPhase section */

/* Begin PBXGroup section */
		1233F5C327C925B100E90FCF /* Views */ = {
			isa = PBXGroup;
			children = (
				12C7788027D4CC7D005CCC88 /* Notebook */,
				12F35508275229A80091057B /* Shelf */,
				1233F5C527C925E100E90FCF /* ShelvesView.swift */,
			);
			path = Views;
			sourceTree = "<group>";
		};
		1233F5C427C925BF00E90FCF /* Controllers */ = {
			isa = PBXGroup;
			children = (
				12F354F8275228310091057B /* ShelvesViewController.swift */,
				12C7788327D4CD50005CCC88 /* PageViewController.swift */,
				12C7788B27D93185005CCC88 /* NotebookController.swift */,
			);
			path = Controllers;
			sourceTree = "<group>";
		};
		12C7788027D4CC7D005CCC88 /* Notebook */ = {
			isa = PBXGroup;
			children = (
				12C7788127D4CC9A005CCC88 /* Page.swift */,
			);
			path = Notebook;
			sourceTree = "<group>";
		};
		12C7788527D4CF61005CCC88 /* Routers */ = {
			isa = PBXGroup;
			children = (
				12C7788627D4CF7B005CCC88 /* ViewControllerRouter.swift */,
			);
			path = Routers;
			sourceTree = "<group>";
		};
		12C7788827D930B4005CCC88 /* Models */ = {
			isa = PBXGroup;
			children = (
				12C7788927D930D5005CCC88 /* Notebook.swift */,
			);
			path = Models;
			sourceTree = "<group>";
		};
		12F354E8275228310091057B = {
			isa = PBXGroup;
			children = (
				12F354F3275228310091057B /* Shelves */,
				12F354F2275228310091057B /* Products */,
				BBF75DF6B523CA8ED6D98DD3 /* Pods */,
				55C7D7204E9741B9E06130A3 /* Frameworks */,
			);
			sourceTree = "<group>";
		};
		12F354F2275228310091057B /* Products */ = {
			isa = PBXGroup;
			children = (
				12F354F1275228310091057B /* Shelves.app */,
			);
			name = Products;
			sourceTree = "<group>";
		};
		12F354F3275228310091057B /* Shelves */ = {
			isa = PBXGroup;
			children = (
				12C7788827D930B4005CCC88 /* Models */,
				12C7788527D4CF61005CCC88 /* Routers */,
				1233F5C427C925BF00E90FCF /* Controllers */,
				1233F5C327C925B100E90FCF /* Views */,
				12F354F4275228310091057B /* AppDelegate.swift */,
				12F354F6275228310091057B /* SceneDelegate.swift */,
				12F3550B27522E760091057B /* UIViewExtension.swift */,
				12F354FD275228330091057B /* Assets.xcassets */,
				12F354FF275228330091057B /* LaunchScreen.storyboard */,
				12F35502275228330091057B /* Info.plist */,
			);
			path = Shelves;
			sourceTree = "<group>";
		};
		12F35508275229A80091057B /* Shelf */ = {
			isa = PBXGroup;
			children = (
				12F35509275229D10091057B /* ShelfView.swift */,
				12F3550D275236F00091057B /* NotebookCell.swift */,
				1233F5C727C9285500E90FCF /* ShelfTableViewCell.swift */,
			);
			path = Shelf;
			sourceTree = "<group>";
		};
		55C7D7204E9741B9E06130A3 /* Frameworks */ = {
			isa = PBXGroup;
			children = (
				EEEBFF60B020D1C4592212AB /* Pods_Shelves.framework */,
			);
			name = Frameworks;
			sourceTree = "<group>";
		};
		BBF75DF6B523CA8ED6D98DD3 /* Pods */ = {
			isa = PBXGroup;
			children = (
				40DC8D91C49B83E6C51DF024 /* Pods-Shelves.debug.xcconfig */,
				09970FED7D711108FCAE319A /* Pods-Shelves.release.xcconfig */,
			);
			path = Pods;
			sourceTree = "<group>";
		};
/* End PBXGroup section */

/* Begin PBXNativeTarget section */
		12F354F0275228310091057B /* Shelves */ = {
			isa = PBXNativeTarget;
			buildConfigurationList = 12F35505275228330091057B /* Build configuration list for PBXNativeTarget "Shelves" */;
			buildPhases = (
				F467FC26444B576F333FA361 /* [CP] Check Pods Manifest.lock */,
				12F354ED275228310091057B /* Sources */,
				12F354EE275228310091057B /* Frameworks */,
				12F354EF275228310091057B /* Resources */,
				6A3F34EF10A13DFFA1B09AE1 /* [CP] Embed Pods Frameworks */,
			);
			buildRules = (
			);
			dependencies = (
			);
			name = Shelves;
			productName = Shelves;
			productReference = 12F354F1275228310091057B /* Shelves.app */;
			productType = "com.apple.product-type.application";
		};
/* End PBXNativeTarget section */

/* Begin PBXProject section */
		12F354E9275228310091057B /* Project object */ = {
			isa = PBXProject;
			attributes = {
				LastSwiftUpdateCheck = 1250;
				LastUpgradeCheck = 1250;
				TargetAttributes = {
					12F354F0275228310091057B = {
						CreatedOnToolsVersion = 12.5;
					};
				};
			};
			buildConfigurationList = 12F354EC275228310091057B /* Build configuration list for PBXProject "Shelves" */;
			compatibilityVersion = "Xcode 9.3";
			developmentRegion = en;
			hasScannedForEncodings = 0;
			knownRegions = (
				en,
				Base,
			);
			mainGroup = 12F354E8275228310091057B;
			productRefGroup = 12F354F2275228310091057B /* Products */;
			projectDirPath = "";
			projectRoot = "";
			targets = (
				12F354F0275228310091057B /* Shelves */,
			);
		};
/* End PBXProject section */

/* Begin PBXResourcesBuildPhase section */
		12F354EF275228310091057B /* Resources */ = {
			isa = PBXResourcesBuildPhase;
			buildActionMask = 2147483647;
			files = (
				12F35501275228330091057B /* LaunchScreen.storyboard in Resources */,
				12F354FE275228330091057B /* Assets.xcassets in Resources */,
			);
			runOnlyForDeploymentPostprocessing = 0;
		};
/* End PBXResourcesBuildPhase section */

/* Begin PBXShellScriptBuildPhase section */
		6A3F34EF10A13DFFA1B09AE1 /* [CP] Embed Pods Frameworks */ = {
			isa = PBXShellScriptBuildPhase;
			buildActionMask = 2147483647;
			files = (
			);
			inputFileListPaths = (
				"${PODS_ROOT}/Target Support Files/Pods-Shelves/Pods-Shelves-frameworks-${CONFIGURATION}-input-files.xcfilelist",
			);
			name = "[CP] Embed Pods Frameworks";
			outputFileListPaths = (
				"${PODS_ROOT}/Target Support Files/Pods-Shelves/Pods-Shelves-frameworks-${CONFIGURATION}-output-files.xcfilelist",
			);
			runOnlyForDeploymentPostprocessing = 0;
			shellPath = /bin/sh;
			shellScript = "\"${PODS_ROOT}/Target Support Files/Pods-Shelves/Pods-Shelves-frameworks.sh\"\n";
			showEnvVarsInLog = 0;
		};
		F467FC26444B576F333FA361 /* [CP] Check Pods Manifest.lock */ = {
			isa = PBXShellScriptBuildPhase;
			buildActionMask = 2147483647;
			files = (
			);
			inputFileListPaths = (
			);
			inputPaths = (
				"${PODS_PODFILE_DIR_PATH}/Podfile.lock",
				"${PODS_ROOT}/Manifest.lock",
			);
			name = "[CP] Check Pods Manifest.lock";
			outputFileListPaths = (
			);
			outputPaths = (
				"$(DERIVED_FILE_DIR)/Pods-Shelves-checkManifestLockResult.txt",
			);
			runOnlyForDeploymentPostprocessing = 0;
			shellPath = /bin/sh;
			shellScript = "diff \"${PODS_PODFILE_DIR_PATH}/Podfile.lock\" \"${PODS_ROOT}/Manifest.lock\" > /dev/null\nif [ $? != 0 ] ; then\n    # print error to STDERR\n    echo \"error: The sandbox is not in sync with the Podfile.lock. Run 'pod install' or update your CocoaPods installation.\" >&2\n    exit 1\nfi\n# This output is used by Xcode 'outputs' to avoid re-running this script phase.\necho \"SUCCESS\" > \"${SCRIPT_OUTPUT_FILE_0}\"\n";
			showEnvVarsInLog = 0;
		};
/* End PBXShellScriptBuildPhase section */

/* Begin PBXSourcesBuildPhase section */
		12F354ED275228310091057B /* Sources */ = {
			isa = PBXSourcesBuildPhase;
			buildActionMask = 2147483647;
			files = (
				1233F5C827C9285500E90FCF /* ShelfTableViewCell.swift in Sources */,
				12C7788427D4CD50005CCC88 /* PageViewController.swift in Sources */,
				12F3550E275236F00091057B /* NotebookCell.swift in Sources */,
				12F3550C27522E760091057B /* UIViewExtension.swift in Sources */,
				12F354F9275228310091057B /* ShelvesViewController.swift in Sources */,
				12F354F5275228310091057B /* AppDelegate.swift in Sources */,
				12C7788227D4CC9A005CCC88 /* Page.swift in Sources */,
				12C7788C27D93185005CCC88 /* NotebookController.swift in Sources */,
				12C7788727D4CF7B005CCC88 /* ViewControllerRouter.swift in Sources */,
				1233F5C627C925E100E90FCF /* ShelvesView.swift in Sources */,
				12F354F7275228310091057B /* SceneDelegate.swift in Sources */,
				12C7788A27D930D5005CCC88 /* Notebook.swift in Sources */,
				12F3550A275229D10091057B /* ShelfView.swift in Sources */,
			);
			runOnlyForDeploymentPostprocessing = 0;
		};
/* End PBXSourcesBuildPhase section */

/* Begin PBXVariantGroup section */
		12F354FF275228330091057B /* LaunchScreen.storyboard */ = {
			isa = PBXVariantGroup;
			children = (
				12F35500275228330091057B /* Base */,
			);
			name = LaunchScreen.storyboard;
			sourceTree = "<group>";
		};
/* End PBXVariantGroup section */

/* Begin XCBuildConfiguration section */
		12F35503275228330091057B /* Debug */ = {
			isa = XCBuildConfiguration;
			buildSettings = {
				ALWAYS_SEARCH_USER_PATHS = NO;
				CLANG_ANALYZER_NONNULL = YES;
				CLANG_ANALYZER_NUMBER_OBJECT_CONVERSION = YES_AGGRESSIVE;
				CLANG_CXX_LANGUAGE_STANDARD = "gnu++14";
				CLANG_CXX_LIBRARY = "libc++";
				CLANG_ENABLE_MODULES = YES;
				CLANG_ENABLE_OBJC_ARC = YES;
				CLANG_ENABLE_OBJC_WEAK = YES;
				CLANG_WARN_BLOCK_CAPTURE_AUTORELEASING = YES;
				CLANG_WARN_BOOL_CONVERSION = YES;
				CLANG_WARN_COMMA = YES;
				CLANG_WARN_CONSTANT_CONVERSION = YES;
				CLANG_WARN_DEPRECATED_OBJC_IMPLEMENTATIONS = YES;
				CLANG_WARN_DIRECT_OBJC_ISA_USAGE = YES_ERROR;
				CLANG_WARN_DOCUMENTATION_COMMENTS = YES;
				CLANG_WARN_EMPTY_BODY = YES;
				CLANG_WARN_ENUM_CONVERSION = YES;
				CLANG_WARN_INFINITE_RECURSION = YES;
				CLANG_WARN_INT_CONVERSION = YES;
				CLANG_WARN_NON_LITERAL_NULL_CONVERSION = YES;
				CLANG_WARN_OBJC_IMPLICIT_RETAIN_SELF = YES;
				CLANG_WARN_OBJC_LITERAL_CONVERSION = YES;
				CLANG_WARN_OBJC_ROOT_CLASS = YES_ERROR;
				CLANG_WARN_QUOTED_INCLUDE_IN_FRAMEWORK_HEADER = YES;
				CLANG_WARN_RANGE_LOOP_ANALYSIS = YES;
				CLANG_WARN_STRICT_PROTOTYPES = YES;
				CLANG_WARN_SUSPICIOUS_MOVE = YES;
				CLANG_WARN_UNGUARDED_AVAILABILITY = YES_AGGRESSIVE;
				CLANG_WARN_UNREACHABLE_CODE = YES;
				CLANG_WARN__DUPLICATE_METHOD_MATCH = YES;
				COPY_PHASE_STRIP = NO;
				DEBUG_INFORMATION_FORMAT = dwarf;
				ENABLE_STRICT_OBJC_MSGSEND = YES;
				ENABLE_TESTABILITY = YES;
				GCC_C_LANGUAGE_STANDARD = gnu11;
				GCC_DYNAMIC_NO_PIC = NO;
				GCC_NO_COMMON_BLOCKS = YES;
				GCC_OPTIMIZATION_LEVEL = 0;
				GCC_PREPROCESSOR_DEFINITIONS = (
					"DEBUG=1",
					"$(inherited)",
				);
				GCC_WARN_64_TO_32_BIT_CONVERSION = YES;
				GCC_WARN_ABOUT_RETURN_TYPE = YES_ERROR;
				GCC_WARN_UNDECLARED_SELECTOR = YES;
				GCC_WARN_UNINITIALIZED_AUTOS = YES_AGGRESSIVE;
				GCC_WARN_UNUSED_FUNCTION = YES;
				GCC_WARN_UNUSED_VARIABLE = YES;
				IPHONEOS_DEPLOYMENT_TARGET = 14.5;
				MTL_ENABLE_DEBUG_INFO = INCLUDE_SOURCE;
				MTL_FAST_MATH = YES;
				ONLY_ACTIVE_ARCH = YES;
				SDKROOT = iphoneos;
				SWIFT_ACTIVE_COMPILATION_CONDITIONS = DEBUG;
				SWIFT_OPTIMIZATION_LEVEL = "-Onone";
			};
			name = Debug;
		};
		12F35504275228330091057B /* Release */ = {
			isa = XCBuildConfiguration;
			buildSettings = {
				ALWAYS_SEARCH_USER_PATHS = NO;
				CLANG_ANALYZER_NONNULL = YES;
				CLANG_ANALYZER_NUMBER_OBJECT_CONVERSION = YES_AGGRESSIVE;
				CLANG_CXX_LANGUAGE_STANDARD = "gnu++14";
				CLANG_CXX_LIBRARY = "libc++";
				CLANG_ENABLE_MODULES = YES;
				CLANG_ENABLE_OBJC_ARC = YES;
				CLANG_ENABLE_OBJC_WEAK = YES;
				CLANG_WARN_BLOCK_CAPTURE_AUTORELEASING = YES;
				CLANG_WARN_BOOL_CONVERSION = YES;
				CLANG_WARN_COMMA = YES;
				CLANG_WARN_CONSTANT_CONVERSION = YES;
				CLANG_WARN_DEPRECATED_OBJC_IMPLEMENTATIONS = YES;
				CLANG_WARN_DIRECT_OBJC_ISA_USAGE = YES_ERROR;
				CLANG_WARN_DOCUMENTATION_COMMENTS = YES;
				CLANG_WARN_EMPTY_BODY = YES;
				CLANG_WARN_ENUM_CONVERSION = YES;
				CLANG_WARN_INFINITE_RECURSION = YES;
				CLANG_WARN_INT_CONVERSION = YES;
				CLANG_WARN_NON_LITERAL_NULL_CONVERSION = YES;
				CLANG_WARN_OBJC_IMPLICIT_RETAIN_SELF = YES;
				CLANG_WARN_OBJC_LITERAL_CONVERSION = YES;
				CLANG_WARN_OBJC_ROOT_CLASS = YES_ERROR;
				CLANG_WARN_QUOTED_INCLUDE_IN_FRAMEWORK_HEADER = YES;
				CLANG_WARN_RANGE_LOOP_ANALYSIS = YES;
				CLANG_WARN_STRICT_PROTOTYPES = YES;
				CLANG_WARN_SUSPICIOUS_MOVE = YES;
				CLANG_WARN_UNGUARDED_AVAILABILITY = YES_AGGRESSIVE;
				CLANG_WARN_UNREACHABLE_CODE = YES;
				CLANG_WARN__DUPLICATE_METHOD_MATCH = YES;
				COPY_PHASE_STRIP = NO;
				DEBUG_INFORMATION_FORMAT = "dwarf-with-dsym";
				ENABLE_NS_ASSERTIONS = NO;
				ENABLE_STRICT_OBJC_MSGSEND = YES;
				GCC_C_LANGUAGE_STANDARD = gnu11;
				GCC_NO_COMMON_BLOCKS = YES;
				GCC_WARN_64_TO_32_BIT_CONVERSION = YES;
				GCC_WARN_ABOUT_RETURN_TYPE = YES_ERROR;
				GCC_WARN_UNDECLARED_SELECTOR = YES;
				GCC_WARN_UNINITIALIZED_AUTOS = YES_AGGRESSIVE;
				GCC_WARN_UNUSED_FUNCTION = YES;
				GCC_WARN_UNUSED_VARIABLE = YES;
				IPHONEOS_DEPLOYMENT_TARGET = 14.5;
				MTL_ENABLE_DEBUG_INFO = NO;
				MTL_FAST_MATH = YES;
				SDKROOT = iphoneos;
				SWIFT_COMPILATION_MODE = wholemodule;
				SWIFT_OPTIMIZATION_LEVEL = "-O";
				VALIDATE_PRODUCT = YES;
			};
			name = Release;
		};
		12F35506275228330091057B /* Debug */ = {
			isa = XCBuildConfiguration;
			baseConfigurationReference = 40DC8D91C49B83E6C51DF024 /* Pods-Shelves.debug.xcconfig */;
			buildSettings = {
				ASSETCATALOG_COMPILER_APPICON_NAME = AppIcon;
				ASSETCATALOG_COMPILER_GLOBAL_ACCENT_COLOR_NAME = AccentColor;
				CODE_SIGN_STYLE = Automatic;
				DEVELOPMENT_TEAM = MEGQZTHC53;
				INFOPLIST_FILE = Shelves/Info.plist;
				LD_RUNPATH_SEARCH_PATHS = (
					"$(inherited)",
					"@executable_path/Frameworks",
				);
				PRODUCT_BUNDLE_IDENTIFIER = hse.edu.Shelves;
				PRODUCT_NAME = "$(TARGET_NAME)";
				SWIFT_VERSION = 5.0;
				TARGETED_DEVICE_FAMILY = "1,2";
			};
			name = Debug;
		};
		12F35507275228330091057B /* Release */ = {
			isa = XCBuildConfiguration;
			baseConfigurationReference = 09970FED7D711108FCAE319A /* Pods-Shelves.release.xcconfig */;
			buildSettings = {
				ASSETCATALOG_COMPILER_APPICON_NAME = AppIcon;
				ASSETCATALOG_COMPILER_GLOBAL_ACCENT_COLOR_NAME = AccentColor;
				CODE_SIGN_STYLE = Automatic;
				DEVELOPMENT_TEAM = MEGQZTHC53;
				INFOPLIST_FILE = Shelves/Info.plist;
				LD_RUNPATH_SEARCH_PATHS = (
					"$(inherited)",
					"@executable_path/Frameworks",
				);
				PRODUCT_BUNDLE_IDENTIFIER = hse.edu.Shelves;
				PRODUCT_NAME = "$(TARGET_NAME)";
				SWIFT_VERSION = 5.0;
				TARGETED_DEVICE_FAMILY = "1,2";
			};
			name = Release;
		};
/* End XCBuildConfiguration section */

/* Begin XCConfigurationList section */
		12F354EC275228310091057B /* Build configuration list for PBXProject "Shelves" */ = {
			isa = XCConfigurationList;
			buildConfigurations = (
				12F35503275228330091057B /* Debug */,
				12F35504275228330091057B /* Release */,
			);
			defaultConfigurationIsVisible = 0;
			defaultConfigurationName = Release;
		};
		12F35505275228330091057B /* Build configuration list for PBXNativeTarget "Shelves" */ = {
			isa = XCConfigurationList;
			buildConfigurations = (
				12F35506275228330091057B /* Debug */,
				12F35507275228330091057B /* Release */,
			);
			defaultConfigurationIsVisible = 0;
			defaultConfigurationName = Release;
		};
/* End XCConfigurationList section */
	};
	rootObject = 12F354E9275228310091057B /* Project object */;
}
